// !$*UTF8*$!
{
	archiveVersion = 1;
	classes = {
	};
	objectVersion = 50;
	objects = {

/* Begin PBXBuildFile section */
		105E052822A9EDDF0055145A /* AppDelegate.swift in Sources */ = {isa = PBXBuildFile; fileRef = 105E052722A9EDDF0055145A /* AppDelegate.swift */; };
		105E052A22A9EDDF0055145A /* SceneDelegate.swift in Sources */ = {isa = PBXBuildFile; fileRef = 105E052922A9EDDF0055145A /* SceneDelegate.swift */; };
		105E052C22A9EDDF0055145A /* TaskEditViewController.swift in Sources */ = {isa = PBXBuildFile; fileRef = 105E052B22A9EDDF0055145A /* TaskEditViewController.swift */; };
		105E052F22A9EDDF0055145A /* Main.storyboard in Resources */ = {isa = PBXBuildFile; fileRef = 105E052D22A9EDDF0055145A /* Main.storyboard */; };
		105E053122A9EDE10055145A /* Assets.xcassets in Resources */ = {isa = PBXBuildFile; fileRef = 105E053022A9EDE10055145A /* Assets.xcassets */; };
		105E053422A9EDE10055145A /* LaunchScreen.storyboard in Resources */ = {isa = PBXBuildFile; fileRef = 105E053222A9EDE10055145A /* LaunchScreen.storyboard */; };
		105E053F22A9EDE10055145A /* RemindMeTests.swift in Sources */ = {isa = PBXBuildFile; fileRef = 105E053E22A9EDE10055145A /* RemindMeTests.swift */; };
		105E054E22A9F09A0055145A /* Task.swift in Sources */ = {isa = PBXBuildFile; fileRef = 105E054D22A9F09A0055145A /* Task.swift */; };
		105E055222A9F4F10055145A /* Location.swift in Sources */ = {isa = PBXBuildFile; fileRef = 105E055122A9F4F10055145A /* Location.swift */; };
		105E055422AA16330055145A /* LocationTests.swift in Sources */ = {isa = PBXBuildFile; fileRef = 105E055322AA16330055145A /* LocationTests.swift */; };
		105E055622AA1D7B0055145A /* TaskTableViewController.swift in Sources */ = {isa = PBXBuildFile; fileRef = 105E055522AA1D7B0055145A /* TaskTableViewController.swift */; };
		105E055822AA1EA20055145A /* TaskTableViewControllerTests.swift in Sources */ = {isa = PBXBuildFile; fileRef = 105E055722AA1EA20055145A /* TaskTableViewControllerTests.swift */; };
/* End PBXBuildFile section */

/* Begin PBXContainerItemProxy section */
		105E053B22A9EDE10055145A /* PBXContainerItemProxy */ = {
			isa = PBXContainerItemProxy;
			containerPortal = 105E051C22A9EDDF0055145A /* Project object */;
			proxyType = 1;
			remoteGlobalIDString = 105E052322A9EDDF0055145A;
			remoteInfo = RemindMe;
		};
/* End PBXContainerItemProxy section */

/* Begin PBXFileReference section */
		105E052422A9EDDF0055145A /* RemindMe.app */ = {isa = PBXFileReference; explicitFileType = wrapper.application; includeInIndex = 0; path = RemindMe.app; sourceTree = BUILT_PRODUCTS_DIR; };
		105E052722A9EDDF0055145A /* AppDelegate.swift */ = {isa = PBXFileReference; lastKnownFileType = sourcecode.swift; path = AppDelegate.swift; sourceTree = "<group>"; };
		105E052922A9EDDF0055145A /* SceneDelegate.swift */ = {isa = PBXFileReference; lastKnownFileType = sourcecode.swift; path = SceneDelegate.swift; sourceTree = "<group>"; };
		105E052B22A9EDDF0055145A /* TaskEditViewController.swift */ = {isa = PBXFileReference; lastKnownFileType = sourcecode.swift; path = TaskEditViewController.swift; sourceTree = "<group>"; };
		105E052E22A9EDDF0055145A /* Base */ = {isa = PBXFileReference; lastKnownFileType = file.storyboard; name = Base; path = Base.lproj/Main.storyboard; sourceTree = "<group>"; };
		105E053022A9EDE10055145A /* Assets.xcassets */ = {isa = PBXFileReference; lastKnownFileType = folder.assetcatalog; path = Assets.xcassets; sourceTree = "<group>"; };
		105E053322A9EDE10055145A /* Base */ = {isa = PBXFileReference; lastKnownFileType = file.storyboard; name = Base; path = Base.lproj/LaunchScreen.storyboard; sourceTree = "<group>"; };
		105E053522A9EDE10055145A /* Info.plist */ = {isa = PBXFileReference; lastKnownFileType = text.plist.xml; path = Info.plist; sourceTree = "<group>"; };
		105E053A22A9EDE10055145A /* RemindMeTests.xctest */ = {isa = PBXFileReference; explicitFileType = wrapper.cfbundle; includeInIndex = 0; path = RemindMeTests.xctest; sourceTree = BUILT_PRODUCTS_DIR; };
		105E053E22A9EDE10055145A /* RemindMeTests.swift */ = {isa = PBXFileReference; lastKnownFileType = sourcecode.swift; path = RemindMeTests.swift; sourceTree = "<group>"; };
		105E054022A9EDE10055145A /* Info.plist */ = {isa = PBXFileReference; lastKnownFileType = text.plist.xml; path = Info.plist; sourceTree = "<group>"; };
		105E054D22A9F09A0055145A /* Task.swift */ = {isa = PBXFileReference; fileEncoding = 4; lastKnownFileType = sourcecode.swift; path = Task.swift; sourceTree = "<group>"; };
		105E055122A9F4F10055145A /* Location.swift */ = {isa = PBXFileReference; lastKnownFileType = sourcecode.swift; path = Location.swift; sourceTree = "<group>"; };
		105E055322AA16330055145A /* LocationTests.swift */ = {isa = PBXFileReference; lastKnownFileType = sourcecode.swift; path = LocationTests.swift; sourceTree = "<group>"; };
		105E055522AA1D7B0055145A /* TaskTableViewController.swift */ = {isa = PBXFileReference; lastKnownFileType = sourcecode.swift; path = TaskTableViewController.swift; sourceTree = "<group>"; };
		105E055722AA1EA20055145A /* TaskTableViewControllerTests.swift */ = {isa = PBXFileReference; lastKnownFileType = sourcecode.swift; path = TaskTableViewControllerTests.swift; sourceTree = "<group>"; };
/* End PBXFileReference section */

/* Begin PBXFrameworksBuildPhase section */
		105E052122A9EDDF0055145A /* Frameworks */ = {
			isa = PBXFrameworksBuildPhase;
			buildActionMask = 2147483647;
			files = (
			);
			runOnlyForDeploymentPostprocessing = 0;
		};
		105E053722A9EDE10055145A /* Frameworks */ = {
			isa = PBXFrameworksBuildPhase;
			buildActionMask = 2147483647;
			files = (
			);
			runOnlyForDeploymentPostprocessing = 0;
		};
/* End PBXFrameworksBuildPhase section */

/* Begin PBXGroup section */
		105E051B22A9EDDF0055145A = {
			isa = PBXGroup;
			children = (
				105E052622A9EDDF0055145A /* RemindMe */,
				105E053D22A9EDE10055145A /* RemindMeTests */,
				105E052522A9EDDF0055145A /* Products */,
			);
			sourceTree = "<group>";
		};
		105E052522A9EDDF0055145A /* Products */ = {
			isa = PBXGroup;
			children = (
				105E052422A9EDDF0055145A /* RemindMe.app */,
				105E053A22A9EDE10055145A /* RemindMeTests.xctest */,
			);
			name = Products;
			sourceTree = "<group>";
		};
		105E052622A9EDDF0055145A /* RemindMe */ = {
			isa = PBXGroup;
			children = (
				105E052722A9EDDF0055145A /* AppDelegate.swift */,
				105E052922A9EDDF0055145A /* SceneDelegate.swift */,
				105E054F22A9F2400055145A /* Model */,
				105E054922A9EEE60055145A /* Controller */,
				105E054A22A9EEF20055145A /* Storyboard */,
				105E053022A9EDE10055145A /* Assets.xcassets */,
				105E053522A9EDE10055145A /* Info.plist */,
			);
			path = RemindMe;
			sourceTree = "<group>";
		};
		105E053D22A9EDE10055145A /* RemindMeTests */ = {
			isa = PBXGroup;
			children = (
				105E055022A9F26E0055145A /* Model */,
				105E055922AA1EAF0055145A /* Controller */,
				105E054022A9EDE10055145A /* Info.plist */,
			);
			path = RemindMeTests;
			sourceTree = "<group>";
		};
		105E054922A9EEE60055145A /* Controller */ = {
			isa = PBXGroup;
			children = (
				105E052B22A9EDDF0055145A /* TaskEditViewController.swift */,
				105E055522AA1D7B0055145A /* TaskTableViewController.swift */,
			);
			path = Controller;
			sourceTree = "<group>";
		};
		105E054A22A9EEF20055145A /* Storyboard */ = {
			isa = PBXGroup;
			children = (
				105E052D22A9EDDF0055145A /* Main.storyboard */,
				105E053222A9EDE10055145A /* LaunchScreen.storyboard */,
			);
			path = Storyboard;
			sourceTree = "<group>";
		};
		105E054F22A9F2400055145A /* Model */ = {
			isa = PBXGroup;
			children = (
				105E054D22A9F09A0055145A /* Task.swift */,
				105E055122A9F4F10055145A /* Location.swift */,
			);
			path = Model;
			sourceTree = "<group>";
		};
		105E055022A9F26E0055145A /* Model */ = {
			isa = PBXGroup;
			children = (
				105E053E22A9EDE10055145A /* RemindMeTests.swift */,
				105E055322AA16330055145A /* LocationTests.swift */,
			);
			path = Model;
			sourceTree = "<group>";
		};
		105E055922AA1EAF0055145A /* Controller */ = {
			isa = PBXGroup;
			children = (
				105E055722AA1EA20055145A /* TaskTableViewControllerTests.swift */,
			);
			path = Controller;
			sourceTree = "<group>";
		};
/* End PBXGroup section */

/* Begin PBXNativeTarget section */
		105E052322A9EDDF0055145A /* RemindMe */ = {
			isa = PBXNativeTarget;
			buildConfigurationList = 105E054322A9EDE10055145A /* Build configuration list for PBXNativeTarget "RemindMe" */;
			buildPhases = (
				105E052022A9EDDF0055145A /* Sources */,
				105E052122A9EDDF0055145A /* Frameworks */,
				105E052222A9EDDF0055145A /* Resources */,
			);
			buildRules = (
			);
			dependencies = (
			);
			name = RemindMe;
			productName = RemindMe;
			productReference = 105E052422A9EDDF0055145A /* RemindMe.app */;
			productType = "com.apple.product-type.application";
		};
		105E053922A9EDE10055145A /* RemindMeTests */ = {
			isa = PBXNativeTarget;
			buildConfigurationList = 105E054622A9EDE10055145A /* Build configuration list for PBXNativeTarget "RemindMeTests" */;
			buildPhases = (
				105E053622A9EDE10055145A /* Sources */,
				105E053722A9EDE10055145A /* Frameworks */,
				105E053822A9EDE10055145A /* Resources */,
			);
			buildRules = (
			);
			dependencies = (
				105E053C22A9EDE10055145A /* PBXTargetDependency */,
			);
			name = RemindMeTests;
			productName = RemindMeTests;
			productReference = 105E053A22A9EDE10055145A /* RemindMeTests.xctest */;
			productType = "com.apple.product-type.bundle.unit-test";
		};
/* End PBXNativeTarget section */

/* Begin PBXProject section */
		105E051C22A9EDDF0055145A /* Project object */ = {
			isa = PBXProject;
			attributes = {
				LastSwiftUpdateCheck = 1120;
				LastUpgradeCheck = 1120;
				ORGANIZATIONNAME = "Yuchao CHEN";
				TargetAttributes = {
					105E052322A9EDDF0055145A = {
						CreatedOnToolsVersion = 11.2;
					};
					105E053922A9EDE10055145A = {
						CreatedOnToolsVersion = 11.2;
						TestTargetID = 105E052322A9EDDF0055145A;
					};
				};
			};
			buildConfigurationList = 105E051F22A9EDDF0055145A /* Build configuration list for PBXProject "RemindMe" */;
			compatibilityVersion = "Xcode 9.3";
			developmentRegion = en;
			hasScannedForEncodings = 0;
			knownRegions = (
				en,
				Base,
			);
			mainGroup = 105E051B22A9EDDF0055145A;
			productRefGroup = 105E052522A9EDDF0055145A /* Products */;
			projectDirPath = "";
			projectRoot = "";
			targets = (
				105E052322A9EDDF0055145A /* RemindMe */,
				105E053922A9EDE10055145A /* RemindMeTests */,
			);
		};
/* End PBXProject section */

/* Begin PBXResourcesBuildPhase section */
		105E052222A9EDDF0055145A /* Resources */ = {
			isa = PBXResourcesBuildPhase;
			buildActionMask = 2147483647;
			files = (
				105E053422A9EDE10055145A /* LaunchScreen.storyboard in Resources */,
				105E053122A9EDE10055145A /* Assets.xcassets in Resources */,
				105E052F22A9EDDF0055145A /* Main.storyboard in Resources */,
			);
			runOnlyForDeploymentPostprocessing = 0;
		};
		105E053822A9EDE10055145A /* Resources */ = {
			isa = PBXResourcesBuildPhase;
			buildActionMask = 2147483647;
			files = (
			);
			runOnlyForDeploymentPostprocessing = 0;
		};
/* End PBXResourcesBuildPhase section */

/* Begin PBXSourcesBuildPhase section */
		105E052022A9EDDF0055145A /* Sources */ = {
			isa = PBXSourcesBuildPhase;
			buildActionMask = 2147483647;
			files = (
				105E055622AA1D7B0055145A /* TaskTableViewController.swift in Sources */,
				105E054E22A9F09A0055145A /* Task.swift in Sources */,
				105E052C22A9EDDF0055145A /* TaskEditViewController.swift in Sources */,
				105E055222A9F4F10055145A /* Location.swift in Sources */,
				105E052822A9EDDF0055145A /* AppDelegate.swift in Sources */,
				105E052A22A9EDDF0055145A /* SceneDelegate.swift in Sources */,
			);
			runOnlyForDeploymentPostprocessing = 0;
		};
		105E053622A9EDE10055145A /* Sources */ = {
			isa = PBXSourcesBuildPhase;
			buildActionMask = 2147483647;
			files = (
				105E055422AA16330055145A /* LocationTests.swift in Sources */,
				105E055822AA1EA20055145A /* TaskTableViewControllerTests.swift in Sources */,
				105E053F22A9EDE10055145A /* RemindMeTests.swift in Sources */,
			);
			runOnlyForDeploymentPostprocessing = 0;
		};
/* End PBXSourcesBuildPhase section */

/* Begin PBXTargetDependency section */
		105E053C22A9EDE10055145A /* PBXTargetDependency */ = {
			isa = PBXTargetDependency;
			target = 105E052322A9EDDF0055145A /* RemindMe */;
			targetProxy = 105E053B22A9EDE10055145A /* PBXContainerItemProxy */;
		};
/* End PBXTargetDependency section */

/* Begin PBXVariantGroup section */
		105E052D22A9EDDF0055145A /* Main.storyboard */ = {
			isa = PBXVariantGroup;
			children = (
				105E052E22A9EDDF0055145A /* Base */,
			);
			name = Main.storyboard;
			sourceTree = "<group>";
		};
		105E053222A9EDE10055145A /* LaunchScreen.storyboard */ = {
			isa = PBXVariantGroup;
			children = (
				105E053322A9EDE10055145A /* Base */,
			);
			name = LaunchScreen.storyboard;
			sourceTree = "<group>";
		};
/* End PBXVariantGroup section */

/* Begin XCBuildConfiguration section */
		105E054122A9EDE10055145A /* Debug */ = {
			isa = XCBuildConfiguration;
			buildSettings = {
				ALWAYS_SEARCH_USER_PATHS = NO;
				CLANG_ANALYZER_NONNULL = YES;
				CLANG_ANALYZER_NUMBER_OBJECT_CONVERSION = YES_AGGRESSIVE;
				CLANG_CXX_LANGUAGE_STANDARD = "gnu++14";
				CLANG_CXX_LIBRARY = "libc++";
				CLANG_ENABLE_MODULES = YES;
				CLANG_ENABLE_OBJC_ARC = YES;
				CLANG_ENABLE_OBJC_WEAK = YES;
				CLANG_WARN_BLOCK_CAPTURE_AUTORELEASING = YES;
				CLANG_WARN_BOOL_CONVERSION = YES;
				CLANG_WARN_COMMA = YES;
				CLANG_WARN_CONSTANT_CONVERSION = YES;
				CLANG_WARN_DEPRECATED_OBJC_IMPLEMENTATIONS = YES;
				CLANG_WARN_DIRECT_OBJC_ISA_USAGE = YES_ERROR;
				CLANG_WARN_DOCUMENTATION_COMMENTS = YES;
				CLANG_WARN_EMPTY_BODY = YES;
				CLANG_WARN_ENUM_CONVERSION = YES;
				CLANG_WARN_INFINITE_RECURSION = YES;
				CLANG_WARN_INT_CONVERSION = YES;
				CLANG_WARN_NON_LITERAL_NULL_CONVERSION = YES;
				CLANG_WARN_OBJC_IMPLICIT_RETAIN_SELF = YES;
				CLANG_WARN_OBJC_LITERAL_CONVERSION = YES;
				CLANG_WARN_OBJC_ROOT_CLASS = YES_ERROR;
				CLANG_WARN_RANGE_LOOP_ANALYSIS = YES;
				CLANG_WARN_STRICT_PROTOTYPES = YES;
				CLANG_WARN_SUSPICIOUS_MOVE = YES;
				CLANG_WARN_UNGUARDED_AVAILABILITY = YES_AGGRESSIVE;
				CLANG_WARN_UNREACHABLE_CODE = YES;
				CLANG_WARN__DUPLICATE_METHOD_MATCH = YES;
				COPY_PHASE_STRIP = NO;
				DEBUG_INFORMATION_FORMAT = dwarf;
				ENABLE_STRICT_OBJC_MSGSEND = YES;
				ENABLE_TESTABILITY = YES;
				GCC_C_LANGUAGE_STANDARD = gnu11;
				GCC_DYNAMIC_NO_PIC = NO;
				GCC_NO_COMMON_BLOCKS = YES;
				GCC_OPTIMIZATION_LEVEL = 0;
				GCC_PREPROCESSOR_DEFINITIONS = (
					"DEBUG=1",
					"$(inherited)",
				);
				GCC_WARN_64_TO_32_BIT_CONVERSION = YES;
				GCC_WARN_ABOUT_RETURN_TYPE = YES_ERROR;
				GCC_WARN_UNDECLARED_SELECTOR = YES;
				GCC_WARN_UNINITIALIZED_AUTOS = YES_AGGRESSIVE;
				GCC_WARN_UNUSED_FUNCTION = YES;
				GCC_WARN_UNUSED_VARIABLE = YES;
				IPHONEOS_DEPLOYMENT_TARGET = 13.2;
				MTL_ENABLE_DEBUG_INFO = INCLUDE_SOURCE;
				MTL_FAST_MATH = YES;
				ONLY_ACTIVE_ARCH = YES;
				SDKROOT = iphoneos;
				SWIFT_ACTIVE_COMPILATION_CONDITIONS = DEBUG;
				SWIFT_OPTIMIZATION_LEVEL = "-Onone";
			};
			name = Debug;
		};
		105E054222A9EDE10055145A /* Release */ = {
			isa = XCBuildConfiguration;
			buildSettings = {
				ALWAYS_SEARCH_USER_PATHS = NO;
				CLANG_ANALYZER_NONNULL = YES;
				CLANG_ANALYZER_NUMBER_OBJECT_CONVERSION = YES_AGGRESSIVE;
				CLANG_CXX_LANGUAGE_STANDARD = "gnu++14";
				CLANG_CXX_LIBRARY = "libc++";
				CLANG_ENABLE_MODULES = YES;
				CLANG_ENABLE_OBJC_ARC = YES;
				CLANG_ENABLE_OBJC_WEAK = YES;
				CLANG_WARN_BLOCK_CAPTURE_AUTORELEASING = YES;
				CLANG_WARN_BOOL_CONVERSION = YES;
				CLANG_WARN_COMMA = YES;
				CLANG_WARN_CONSTANT_CONVERSION = YES;
				CLANG_WARN_DEPRECATED_OBJC_IMPLEMENTATIONS = YES;
				CLANG_WARN_DIRECT_OBJC_ISA_USAGE = YES_ERROR;
				CLANG_WARN_DOCUMENTATION_COMMENTS = YES;
				CLANG_WARN_EMPTY_BODY = YES;
				CLANG_WARN_ENUM_CONVERSION = YES;
				CLANG_WARN_INFINITE_RECURSION = YES;
				CLANG_WARN_INT_CONVERSION = YES;
				CLANG_WARN_NON_LITERAL_NULL_CONVERSION = YES;
				CLANG_WARN_OBJC_IMPLICIT_RETAIN_SELF = YES;
				CLANG_WARN_OBJC_LITERAL_CONVERSION = YES;
				CLANG_WARN_OBJC_ROOT_CLASS = YES_ERROR;
				CLANG_WARN_RANGE_LOOP_ANALYSIS = YES;
				CLANG_WARN_STRICT_PROTOTYPES = YES;
				CLANG_WARN_SUSPICIOUS_MOVE = YES;
				CLANG_WARN_UNGUARDED_AVAILABILITY = YES_AGGRESSIVE;
				CLANG_WARN_UNREACHABLE_CODE = YES;
				CLANG_WARN__DUPLICATE_METHOD_MATCH = YES;
				COPY_PHASE_STRIP = NO;
				DEBUG_INFORMATION_FORMAT = "dwarf-with-dsym";
				ENABLE_NS_ASSERTIONS = NO;
				ENABLE_STRICT_OBJC_MSGSEND = YES;
				GCC_C_LANGUAGE_STANDARD = gnu11;
				GCC_NO_COMMON_BLOCKS = YES;
				GCC_WARN_64_TO_32_BIT_CONVERSION = YES;
				GCC_WARN_ABOUT_RETURN_TYPE = YES_ERROR;
				GCC_WARN_UNDECLARED_SELECTOR = YES;
				GCC_WARN_UNINITIALIZED_AUTOS = YES_AGGRESSIVE;
				GCC_WARN_UNUSED_FUNCTION = YES;
				GCC_WARN_UNUSED_VARIABLE = YES;
				IPHONEOS_DEPLOYMENT_TARGET = 13.2;
				MTL_ENABLE_DEBUG_INFO = NO;
				MTL_FAST_MATH = YES;
				SDKROOT = iphoneos;
				SWIFT_COMPILATION_MODE = wholemodule;
				SWIFT_OPTIMIZATION_LEVEL = "-O";
				VALIDATE_PRODUCT = YES;
			};
			name = Release;
		};
		105E054422A9EDE10055145A /* Debug */ = {
			isa = XCBuildConfiguration;
			buildSettings = {
				ASSETCATALOG_COMPILER_APPICON_NAME = AppIcon;
				CODE_SIGN_STYLE = Automatic;
				DEVELOPMENT_TEAM = 63FS2N8M8A;
				INFOPLIST_FILE = RemindMe/Info.plist;
				LD_RUNPATH_SEARCH_PATHS = (
					"$(inherited)",
					"@executable_path/Frameworks",
				);
				PRODUCT_BUNDLE_IDENTIFIER = yuchao.chen.RemindMe;
				PRODUCT_NAME = "$(TARGET_NAME)";
				SWIFT_VERSION = 5.0;
				TARGETED_DEVICE_FAMILY = "1,2";
			};
			name = Debug;
		};
		105E054522A9EDE10055145A /* Release */ = {
			isa = XCBuildConfiguration;
			buildSettings = {
				ASSETCATALOG_COMPILER_APPICON_NAME = AppIcon;
				CODE_SIGN_STYLE = Automatic;
				DEVELOPMENT_TEAM = 63FS2N8M8A;
				INFOPLIST_FILE = RemindMe/Info.plist;
				LD_RUNPATH_SEARCH_PATHS = (
					"$(inherited)",
					"@executable_path/Frameworks",
				);
				PRODUCT_BUNDLE_IDENTIFIER = yuchao.chen.RemindMe;
				PRODUCT_NAME = "$(TARGET_NAME)";
				SWIFT_VERSION = 5.0;
				TARGETED_DEVICE_FAMILY = "1,2";
			};
			name = Release;
		};
		105E054722A9EDE10055145A /* Debug */ = {
			isa = XCBuildConfiguration;
			buildSettings = {
				ALWAYS_EMBED_SWIFT_STANDARD_LIBRARIES = YES;
				BUNDLE_LOADER = "$(TEST_HOST)";
				CODE_SIGN_STYLE = Automatic;
				DEVELOPMENT_TEAM = 63FS2N8M8A;
				INFOPLIST_FILE = RemindMeTests/Info.plist;
				IPHONEOS_DEPLOYMENT_TARGET = 13.2;
				LD_RUNPATH_SEARCH_PATHS = (
					"$(inherited)",
					"@executable_path/Frameworks",
					"@loader_path/Frameworks",
				);
				PRODUCT_BUNDLE_IDENTIFIER = yuchao.chen.RemindMeTests;
				PRODUCT_NAME = "$(TARGET_NAME)";
				SWIFT_VERSION = 5.0;
				TARGETED_DEVICE_FAMILY = "1,2";
				TEST_HOST = "$(BUILT_PRODUCTS_DIR)/RemindMe.app/RemindMe";
			};
			name = Debug;
		};
		105E054822A9EDE10055145A /* Release */ = {
			isa = XCBuildConfiguration;
			buildSettings = {
				ALWAYS_EMBED_SWIFT_STANDARD_LIBRARIES = YES;
				BUNDLE_LOADER = "$(TEST_HOST)";
				CODE_SIGN_STYLE = Automatic;
				DEVELOPMENT_TEAM = 63FS2N8M8A;
				INFOPLIST_FILE = RemindMeTests/Info.plist;
				IPHONEOS_DEPLOYMENT_TARGET = 13.2;
				LD_RUNPATH_SEARCH_PATHS = (
					"$(inherited)",
					"@executable_path/Frameworks",
					"@loader_path/Frameworks",
				);
				PRODUCT_BUNDLE_IDENTIFIER = yuchao.chen.RemindMeTests;
				PRODUCT_NAME = "$(TARGET_NAME)";
				SWIFT_VERSION = 5.0;
				TARGETED_DEVICE_FAMILY = "1,2";
				TEST_HOST = "$(BUILT_PRODUCTS_DIR)/RemindMe.app/RemindMe";
			};
			name = Release;
		};
/* End XCBuildConfiguration section */

/* Begin XCConfigurationList section */
		105E051F22A9EDDF0055145A /* Build configuration list for PBXProject "RemindMe" */ = {
			isa = XCConfigurationList;
			buildConfigurations = (
				105E054122A9EDE10055145A /* Debug */,
				105E054222A9EDE10055145A /* Release */,
			);
			defaultConfigurationIsVisible = 0;
			defaultConfigurationName = Release;
		};
		105E054322A9EDE10055145A /* Build configuration list for PBXNativeTarget "RemindMe" */ = {
			isa = XCConfigurationList;
			buildConfigurations = (
				105E054422A9EDE10055145A /* Debug */,
				105E054522A9EDE10055145A /* Release */,
			);
			defaultConfigurationIsVisible = 0;
			defaultConfigurationName = Release;
		};
		105E054622A9EDE10055145A /* Build configuration list for PBXNativeTarget "RemindMeTests" */ = {
			isa = XCConfigurationList;
			buildConfigurations = (
				105E054722A9EDE10055145A /* Debug */,
				105E054822A9EDE10055145A /* Release */,
			);
			defaultConfigurationIsVisible = 0;
			defaultConfigurationName = Release;
		};
/* End XCConfigurationList section */
	};
	rootObject = 105E051C22A9EDDF0055145A /* Project object */;
}
